
Microsoft Visual Studio Solution File, Format Version 12.00
# Visual Studio Version 16
VisualStudioVersion = 16.0.29215.179
MinimumVisualStudioVersion = 10.0.40219.1
Project("{FAE04EC0-301F-11D3-BF4B-00C04F79EFBC}") = "Myoutlet.ge", "Myoutlet.ge\Myoutlet.ge.csproj", "{8882F29E-E61E-4472-B338-AD349EC608E9}"
EndProject
Global
	GlobalSection(SolutionConfigurationPlatforms) = preSolution
		Debug|Any CPU = Debug|Any CPU
		Release|Any CPU = Release|Any CPU
	EndGlobalSection
	GlobalSection(ProjectConfigurationPlatforms) = postSolution
		{8882F29E-E61E-4472-B338-AD349EC608E9}.Debug|Any CPU.ActiveCfg = Debug|Any CPU
		{8882F29E-E61E-4472-B338-AD349EC608E9}.Debug|Any CPU.Build.0 = Debug|Any CPU
		{8882F29E-E61E-4472-B338-AD349EC608E9}.Release|Any CPU.ActiveCfg = Release|Any CPU
		{8882F29E-E61E-4472-B338-AD349EC608E9}.Release|Any CPU.Build.0 = Release|Any CPU
	EndGlobalSection
	GlobalSection(SolutionProperties) = preSolution
		HideSolutionNode = FALSE
	EndGlobalSection
	GlobalSection(ExtensibilityGlobals) = postSolution
		SolutionGuid = {0AEF9261-3F26-478F-837F-D92EDE70A8CD}
	EndGlobalSection
EndGlobal
